
Microsoft Visual Studio Solution File, Format Version 12.00
# Visual Studio 14
VisualStudioVersion = 14.0.24720.0
MinimumVisualStudioVersion = 10.0.40219.1
Project("{FAE04EC0-301F-11D3-BF4B-00C04F79EFBC}") = "SegmentedConsole", "SegmentedConsole\SegmentedConsole.csproj", "{754F0271-6239-4EAE-9E31-EADDEF4EB586}"
EndProject
Project("{FAE04EC0-301F-11D3-BF4B-00C04F79EFBC}") = "Executor", "Executor\Executor.csproj", "{37F044EA-19BE-4085-A88D-18D2D4914E2B}"
EndProject
Project("{2150E333-8FDC-42A3-9474-1A3956D46DE8}") = "Solution Items", "Solution Items", "{6E1ED9E9-0858-419D-BF4B-FEB0C9C51656}"
	ProjectSection(SolutionItems) = preProject
		LICENSE.txt = LICENSE.txt
	EndProjectSection
EndProject
Global
	GlobalSection(SolutionConfigurationPlatforms) = preSolution
		Debug|Any CPU = Debug|Any CPU
		Release|Any CPU = Release|Any CPU
	EndGlobalSection
	GlobalSection(ProjectConfigurationPlatforms) = postSolution
		{754F0271-6239-4EAE-9E31-EADDEF4EB586}.Debug|Any CPU.ActiveCfg = Debug|Any CPU
		{754F0271-6239-4EAE-9E31-EADDEF4EB586}.Debug|Any CPU.Build.0 = Debug|Any CPU
		{754F0271-6239-4EAE-9E31-EADDEF4EB586}.Release|Any CPU.ActiveCfg = Release|Any CPU
		{754F0271-6239-4EAE-9E31-EADDEF4EB586}.Release|Any CPU.Build.0 = Release|Any CPU
		{37F044EA-19BE-4085-A88D-18D2D4914E2B}.Debug|Any CPU.ActiveCfg = Debug|Any CPU
		{37F044EA-19BE-4085-A88D-18D2D4914E2B}.Debug|Any CPU.Build.0 = Debug|Any CPU
		{37F044EA-19BE-4085-A88D-18D2D4914E2B}.Release|Any CPU.ActiveCfg = Release|Any CPU
		{37F044EA-19BE-4085-A88D-18D2D4914E2B}.Release|Any CPU.Build.0 = Release|Any CPU
	EndGlobalSection
	GlobalSection(SolutionProperties) = preSolution
		HideSolutionNode = FALSE
	EndGlobalSection
EndGlobal
